
Microsoft Visual Studio Solution File, Format Version 12.00
# Visual Studio Version 17
VisualStudioVersion = 17.0.31912.275
MinimumVisualStudioVersion = 10.0.40219.1
Project("{FAE04EC0-301F-11D3-BF4B-00C04F79EFBC}") = "Auth.JWT.API", "Auth.JWT.API\Auth.JWT.API.csproj", "{B43457D1-6A6A-4BE7-97F8-B201DAF039D4}"
EndProject
Project("{2150E333-8FDC-42A3-9474-1A3956D46DE8}") = "00 - API", "00 - API", "{719C0803-DE30-4C9D-B2B6-BC4287EC8780}"
EndProject
Project("{2150E333-8FDC-42A3-9474-1A3956D46DE8}") = "02 - Domain", "02 - Domain", "{AEED67AF-6ED2-4A79-AAFD-63323AAC71D7}"
EndProject
Project("{2150E333-8FDC-42A3-9474-1A3956D46DE8}") = "01 - Application", "01 - Application", "{D5E51131-6B38-4B88-86E9-E778B2F52C85}"
EndProject
Project("{2150E333-8FDC-42A3-9474-1A3956D46DE8}") = "03 - Data", "03 - Data", "{59723285-EBDB-4727-B461-C71D5E81564B}"
EndProject
Project("{2150E333-8FDC-42A3-9474-1A3956D46DE8}") = "04 - Test", "04 - Test", "{AF30BE50-F602-4773-970F-4B4F48DE7856}"
EndProject
Project("{FAE04EC0-301F-11D3-BF4B-00C04F79EFBC}") = "Auth.JWT.Application", "Auth.JWT.Application\Auth.JWT.Application.csproj", "{05FCC57E-F320-4458-8A2E-789E276E8C90}"
EndProject
Project("{FAE04EC0-301F-11D3-BF4B-00C04F79EFBC}") = "Auth.JWT.Domain", "Auth.JWT.Domain\Auth.JWT.Domain.csproj", "{177F2E20-26CE-4329-8ACD-7651AD5AF281}"
EndProject
Project("{FAE04EC0-301F-11D3-BF4B-00C04F79EFBC}") = "Auth.JWT.Data", "Auth.JWT.Data\Auth.JWT.Data.csproj", "{5F6B4C3D-D567-49A3-9462-0152C17928DC}"
EndProject
Project("{FAE04EC0-301F-11D3-BF4B-00C04F79EFBC}") = "Auth.JWT.Test", "Auth.JWT.Test\Auth.JWT.Test.csproj", "{09C91249-A722-4331-8A9F-052932175976}"
EndProject
Global
	GlobalSection(SolutionConfigurationPlatforms) = preSolution
		Debug|Any CPU = Debug|Any CPU
		Release|Any CPU = Release|Any CPU
	EndGlobalSection
	GlobalSection(ProjectConfigurationPlatforms) = postSolution
		{B43457D1-6A6A-4BE7-97F8-B201DAF039D4}.Debug|Any CPU.ActiveCfg = Debug|Any CPU
		{B43457D1-6A6A-4BE7-97F8-B201DAF039D4}.Debug|Any CPU.Build.0 = Debug|Any CPU
		{B43457D1-6A6A-4BE7-97F8-B201DAF039D4}.Release|Any CPU.ActiveCfg = Release|Any CPU
		{B43457D1-6A6A-4BE7-97F8-B201DAF039D4}.Release|Any CPU.Build.0 = Release|Any CPU
		{05FCC57E-F320-4458-8A2E-789E276E8C90}.Debug|Any CPU.ActiveCfg = Debug|Any CPU
		{05FCC57E-F320-4458-8A2E-789E276E8C90}.Debug|Any CPU.Build.0 = Debug|Any CPU
		{05FCC57E-F320-4458-8A2E-789E276E8C90}.Release|Any CPU.ActiveCfg = Release|Any CPU
		{05FCC57E-F320-4458-8A2E-789E276E8C90}.Release|Any CPU.Build.0 = Release|Any CPU
		{177F2E20-26CE-4329-8ACD-7651AD5AF281}.Debug|Any CPU.ActiveCfg = Debug|Any CPU
		{177F2E20-26CE-4329-8ACD-7651AD5AF281}.Debug|Any CPU.Build.0 = Debug|Any CPU
		{177F2E20-26CE-4329-8ACD-7651AD5AF281}.Release|Any CPU.ActiveCfg = Release|Any CPU
		{177F2E20-26CE-4329-8ACD-7651AD5AF281}.Release|Any CPU.Build.0 = Release|Any CPU
		{5F6B4C3D-D567-49A3-9462-0152C17928DC}.Debug|Any CPU.ActiveCfg = Debug|Any CPU
		{5F6B4C3D-D567-49A3-9462-0152C17928DC}.Debug|Any CPU.Build.0 = Debug|Any CPU
		{5F6B4C3D-D567-49A3-9462-0152C17928DC}.Release|Any CPU.ActiveCfg = Release|Any CPU
		{5F6B4C3D-D567-49A3-9462-0152C17928DC}.Release|Any CPU.Build.0 = Release|Any CPU
		{09C91249-A722-4331-8A9F-052932175976}.Debug|Any CPU.ActiveCfg = Debug|Any CPU
		{09C91249-A722-4331-8A9F-052932175976}.Debug|Any CPU.Build.0 = Debug|Any CPU
		{09C91249-A722-4331-8A9F-052932175976}.Release|Any CPU.ActiveCfg = Release|Any CPU
		{09C91249-A722-4331-8A9F-052932175976}.Release|Any CPU.Build.0 = Release|Any CPU
	EndGlobalSection
	GlobalSection(SolutionProperties) = preSolution
		HideSolutionNode = FALSE
	EndGlobalSection
	GlobalSection(NestedProjects) = preSolution
		{B43457D1-6A6A-4BE7-97F8-B201DAF039D4} = {719C0803-DE30-4C9D-B2B6-BC4287EC8780}
		{05FCC57E-F320-4458-8A2E-789E276E8C90} = {D5E51131-6B38-4B88-86E9-E778B2F52C85}
		{177F2E20-26CE-4329-8ACD-7651AD5AF281} = {AEED67AF-6ED2-4A79-AAFD-63323AAC71D7}
		{5F6B4C3D-D567-49A3-9462-0152C17928DC} = {59723285-EBDB-4727-B461-C71D5E81564B}
		{09C91249-A722-4331-8A9F-052932175976} = {AF30BE50-F602-4773-970F-4B4F48DE7856}
	EndGlobalSection
	GlobalSection(ExtensibilityGlobals) = postSolution
		SolutionGuid = {16DBDBCD-02C9-4F8E-A58B-F6BB6F862DF9}
	EndGlobalSection
EndGlobal
